
Microsoft Visual Studio Solution File, Format Version 12.00
# Visual Studio Version 16
VisualStudioVersion = 16.0.30011.22
MinimumVisualStudioVersion = 10.0.40219.1
Project("{FAE04EC0-301F-11D3-BF4B-00C04F79EFBC}") = "Ddnd", "Ddnd\Ddnd.csproj", "{A058BC36-F91B-4ADD-9D41-4BE8077A62F7}"
EndProject
Global
	GlobalSection(SolutionConfigurationPlatforms) = preSolution
		Debug|Any CPU = Debug|Any CPU
		Release|Any CPU = Release|Any CPU
	EndGlobalSection
	GlobalSection(ProjectConfigurationPlatforms) = postSolution
		{A058BC36-F91B-4ADD-9D41-4BE8077A62F7}.Debug|Any CPU.ActiveCfg = Debug|Any CPU
		{A058BC36-F91B-4ADD-9D41-4BE8077A62F7}.Debug|Any CPU.Build.0 = Debug|Any CPU
		{A058BC36-F91B-4ADD-9D41-4BE8077A62F7}.Release|Any CPU.ActiveCfg = Release|Any CPU
		{A058BC36-F91B-4ADD-9D41-4BE8077A62F7}.Release|Any CPU.Build.0 = Release|Any CPU
	EndGlobalSection
	GlobalSection(SolutionProperties) = preSolution
		HideSolutionNode = FALSE
	EndGlobalSection
	GlobalSection(ExtensibilityGlobals) = postSolution
		SolutionGuid = {16D92EBE-A092-4051-9258-7D460E611D36}
	EndGlobalSection
EndGlobal
